github.com/rikhii20/go-say-hello v1.0.0 h1:8qLGL/JBt4HGgH58O44VnwDxYyYMYc+6hPSdzTDvTTs=
github.com/rikhii20/go-say-hello v1.0.0/go.mod h1:CfAqEL5iYWmbBM2fB9awA/gr8X+RO7ONNj3wgU5ukJs=
github.com/rikhii20/go-say-hello v1.5.0 h1:lh0prNgr28aA9k78/cibWCeN1sJuRb7L7XEZJhR6AxI=
github.com/rikhii20/go-say-hello v1.5.0/go.mod h1:CfAqEL5iYWmbBM2fB9awA/gr8X+RO7ONNj3wgU5ukJs=
github.com/rikhii20/go-say-hello/v2 v2.0.0 h1:0mXs2p0H+4+ROH9G/36ulgTIpgkxLcmd/Wq/SwEDx0Y=
github.com/rikhii20/go-say-hello/v2 v2.0.0/go.mod h1:f4Uk+iwWc7f3wwOno3nYhjXbZSc3q7NhClo4H2Dotfw=
